{
  "version": 4,
  "terraform_version": "1.8.5",
  "serial": 19,
  "lineage": "d0d0285e-3de5-d5f4-4587-cfa9b4822548",
  "outputs": {
    "data_aws_availability_zones": {
      "value": [
        "eu-north-1a",
        "eu-north-1b",
        "eu-north-1c"
      ],
      "type": [
        "list",
        "string"
      ]
    },
    "data_aws_caller_identity": {
      "value": "842905459753",
      "type": "string"
    },
    "data_aws_region": {
      "value": "eu-north-1",
      "type": "string"
    },
    "data_aws_region_description": {
      "value": "Europe (Stockholm)",
      "type": "string"
    },
    "data_aws_vpcs": {
      "value": [
        "vpc-0e0c8656e081ed746",
        "vpc-0cc30a0df52e676a0"
      ],
      "type": [
        "list",
        "string"
      ]
    },
    "prod_aws_vpc_cidr_block": {
      "value": "10.10.0.0/16",
      "type": "string"
    },
    "prod_aws_vpc_id": {
      "value": "vpc-0e0c8656e081ed746",
      "type": "string"
    }
  },
  "resources": [
    {
      "mode": "data",
      "type": "aws_availability_zones",
      "name": "working",
      "provider": "provider[\"registry.terraform.io/hashicorp/aws\"]",
      "instances": [
        {
          "schema_version": 0,
          "attributes": {
            "all_availability_zones": null,
            "exclude_names": null,
            "exclude_zone_ids": null,
            "filter": null,
            "group_names": [
              "eu-north-1"
            ],
            "id": "eu-north-1",
            "names": [
              "eu-north-1a",
              "eu-north-1b",
              "eu-north-1c"
            ],
            "state": null,
            "timeouts": null,
            "zone_ids": [
              "eun1-az1",
              "eun1-az2",
              "eun1-az3"
            ]
          },
          "sensitive_attributes": []
        }
      ]
    },
    {
      "mode": "data",
      "type": "aws_caller_identity",
      "name": "current",
      "provider": "provider[\"registry.terraform.io/hashicorp/aws\"]",
      "instances": [
        {
          "schema_version": 0,
          "attributes": {
            "account_id": "842905459753",
            "arn": "arn:aws:iam::842905459753:root",
            "id": "842905459753",
            "user_id": "842905459753"
          },
          "sensitive_attributes": []
        }
      ]
    },
    {
      "mode": "data",
      "type": "aws_region",
      "name": "current",
      "provider": "provider[\"registry.terraform.io/hashicorp/aws\"]",
      "instances": [
        {
          "schema_version": 0,
          "attributes": {
            "description": "Europe (Stockholm)",
            "endpoint": "ec2.eu-north-1.amazonaws.com",
            "id": "eu-north-1",
            "name": "eu-north-1"
          },
          "sensitive_attributes": []
        }
      ]
    },
    {
      "mode": "data",
      "type": "aws_vpc",
      "name": "data_prod_vpc",
      "provider": "provider[\"registry.terraform.io/hashicorp/aws\"]",
      "instances": [
        {
          "schema_version": 0,
          "attributes": {
            "arn": "arn:aws:ec2:eu-north-1:842905459753:vpc/vpc-0e0c8656e081ed746",
            "cidr_block": "10.10.0.0/16",
            "cidr_block_associations": [
              {
                "association_id": "vpc-cidr-assoc-036de0c66e541e8f1",
                "cidr_block": "10.10.0.0/16",
                "state": "associated"
              }
            ],
            "default": false,
            "dhcp_options_id": "dopt-0784c1b33a404331b",
            "enable_dns_hostnames": false,
            "enable_dns_support": true,
            "enable_network_address_usage_metrics": false,
            "filter": null,
            "id": "vpc-0e0c8656e081ed746",
            "instance_tenancy": "default",
            "ipv6_association_id": "",
            "ipv6_cidr_block": "",
            "main_route_table_id": "rtb-0c8682b0a5abcbe57",
            "owner_id": "842905459753",
            "state": null,
            "tags": {
              "Name": "prod"
            },
            "timeouts": null
          },
          "sensitive_attributes": []
        }
      ]
    },
    {
      "mode": "data",
      "type": "aws_vpcs",
      "name": "my_vpcs",
      "provider": "provider[\"registry.terraform.io/hashicorp/aws\"]",
      "instances": [
        {
          "schema_version": 0,
          "attributes": {
            "filter": null,
            "id": "eu-north-1",
            "ids": [
              "vpc-0e0c8656e081ed746",
              "vpc-0cc30a0df52e676a0"
            ],
            "tags": null,
            "timeouts": null
          },
          "sensitive_attributes": []
        }
      ]
    },
    {
      "mode": "managed",
      "type": "aws_subnet",
      "name": "prod_subnet_1",
      "provider": "provider[\"registry.terraform.io/hashicorp/aws\"]",
      "instances": [
        {
          "schema_version": 1,
          "attributes": {
            "arn": "arn:aws:ec2:eu-north-1:842905459753:subnet/subnet-06ae0b9db1ad44363",
            "assign_ipv6_address_on_creation": false,
            "availability_zone": "eu-north-1a",
            "availability_zone_id": "eun1-az1",
            "cidr_block": "10.10.1.0/24",
            "customer_owned_ipv4_pool": "",
            "enable_dns64": false,
            "enable_lni_at_device_index": 0,
            "enable_resource_name_dns_a_record_on_launch": false,
            "enable_resource_name_dns_aaaa_record_on_launch": false,
            "id": "subnet-06ae0b9db1ad44363",
            "ipv6_cidr_block": "",
            "ipv6_cidr_block_association_id": "",
            "ipv6_native": false,
            "map_customer_owned_ip_on_launch": false,
            "map_public_ip_on_launch": false,
            "outpost_arn": "",
            "owner_id": "842905459753",
            "private_dns_hostname_type_on_launch": "ip-name",
            "tags": {
              "Account": "Subnet-1 in Account 842905459753",
              "Name": "Subnet-1 in eu-north-1a",
              "Region": "Europe (Stockholm)"
            },
            "tags_all": {
              "Account": "Subnet-1 in Account 842905459753",
              "Name": "Subnet-1 in eu-north-1a",
              "Region": "Europe (Stockholm)"
            },
            "timeouts": null,
            "vpc_id": "vpc-0e0c8656e081ed746"
          },
          "sensitive_attributes": [],
          "private": "eyJlMmJmYjczMC1lY2FhLTExZTYtOGY4OC0zNDM2M2JjN2M0YzAiOnsiY3JlYXRlIjo2MDAwMDAwMDAwMDAsImRlbGV0ZSI6MTIwMDAwMDAwMDAwMH0sInNjaGVtYV92ZXJzaW9uIjoiMSJ9",
          "dependencies": [
            "data.aws_availability_zones.working",
            "data.aws_caller_identity.current",
            "data.aws_region.current",
            "data.aws_vpc.data_prod_vpc"
          ]
        }
      ]
    },
    {
      "mode": "managed",
      "type": "aws_subnet",
      "name": "prod_subnet_2",
      "provider": "provider[\"registry.terraform.io/hashicorp/aws\"]",
      "instances": [
        {
          "schema_version": 1,
          "attributes": {
            "arn": "arn:aws:ec2:eu-north-1:842905459753:subnet/subnet-04fcbcddcf3d39a2d",
            "assign_ipv6_address_on_creation": false,
            "availability_zone": "eu-north-1b",
            "availability_zone_id": "eun1-az2",
            "cidr_block": "10.10.2.0/24",
            "customer_owned_ipv4_pool": "",
            "enable_dns64": false,
            "enable_lni_at_device_index": 0,
            "enable_resource_name_dns_a_record_on_launch": false,
            "enable_resource_name_dns_aaaa_record_on_launch": false,
            "id": "subnet-04fcbcddcf3d39a2d",
            "ipv6_cidr_block": "",
            "ipv6_cidr_block_association_id": "",
            "ipv6_native": false,
            "map_customer_owned_ip_on_launch": false,
            "map_public_ip_on_launch": false,
            "outpost_arn": "",
            "owner_id": "842905459753",
            "private_dns_hostname_type_on_launch": "ip-name",
            "tags": {
              "Account": "Subnet-2 in Account 842905459753",
              "Name": "Subnet-2 in eu-north-1b",
              "Region": "Europe (Stockholm)"
            },
            "tags_all": {
              "Account": "Subnet-2 in Account 842905459753",
              "Name": "Subnet-2 in eu-north-1b",
              "Region": "Europe (Stockholm)"
            },
            "timeouts": null,
            "vpc_id": "vpc-0e0c8656e081ed746"
          },
          "sensitive_attributes": [],
          "private": "eyJlMmJmYjczMC1lY2FhLTExZTYtOGY4OC0zNDM2M2JjN2M0YzAiOnsiY3JlYXRlIjo2MDAwMDAwMDAwMDAsImRlbGV0ZSI6MTIwMDAwMDAwMDAwMH0sInNjaGVtYV92ZXJzaW9uIjoiMSJ9",
          "dependencies": [
            "data.aws_availability_zones.working",
            "data.aws_caller_identity.current",
            "data.aws_region.current",
            "data.aws_vpc.data_prod_vpc"
          ]
        }
      ]
    },
    {
      "mode": "managed",
      "type": "aws_vpc",
      "name": "prod_vpc",
      "provider": "provider[\"registry.terraform.io/hashicorp/aws\"]",
      "instances": [
        {
          "schema_version": 1,
          "attributes": {
            "arn": "arn:aws:ec2:eu-north-1:842905459753:vpc/vpc-0e0c8656e081ed746",
            "assign_generated_ipv6_cidr_block": false,
            "cidr_block": "10.10.0.0/16",
            "default_network_acl_id": "acl-0f46e54ad4ee099a2",
            "default_route_table_id": "rtb-0c8682b0a5abcbe57",
            "default_security_group_id": "sg-0f232224403b44c46",
            "dhcp_options_id": "dopt-0784c1b33a404331b",
            "enable_dns_hostnames": false,
            "enable_dns_support": true,
            "enable_network_address_usage_metrics": false,
            "id": "vpc-0e0c8656e081ed746",
            "instance_tenancy": "default",
            "ipv4_ipam_pool_id": null,
            "ipv4_netmask_length": null,
            "ipv6_association_id": "",
            "ipv6_cidr_block": "",
            "ipv6_cidr_block_network_border_group": "",
            "ipv6_ipam_pool_id": "",
            "ipv6_netmask_length": 0,
            "main_route_table_id": "rtb-0c8682b0a5abcbe57",
            "owner_id": "842905459753",
            "tags": {
              "Name": "prod"
            },
            "tags_all": {
              "Name": "prod"
            }
          },
          "sensitive_attributes": [],
          "private": "eyJzY2hlbWFfdmVyc2lvbiI6IjEifQ=="
        }
      ]
    }
  ],
  "check_results": null
}
