{
  "version": 4,
  "terraform_version": "1.8.5",
  "serial": 46,
  "lineage": "82d330ec-3c76-e49d-934a-a175159d6cdc",
  "outputs": {
    "created_iam_users_all": {
      "value": [
        {
          "arn": "arn:aws:iam::842905459753:user/user1",
          "force_destroy": false,
          "id": "user1",
          "name": "user1",
          "path": "/",
          "permissions_boundary": "",
          "tags": {},
          "tags_all": {
            "CreatedBy": "Terraform",
            "Owner": "Nikita S",
            "Project": "Terraform Lesson 17"
          },
          "unique_id": "AIDA4IQIUTQUYIJDW4BQF"
        },
        {
          "arn": "arn:aws:iam::842905459753:user/user2",
          "force_destroy": false,
          "id": "user2",
          "name": "user2",
          "path": "/",
          "permissions_boundary": "",
          "tags": {},
          "tags_all": {
            "CreatedBy": "Terraform",
            "Owner": "Nikita S",
            "Project": "Terraform Lesson 17"
          },
          "unique_id": "AIDA4IQIUTQUQ2NMR4VO7"
        },
        {
          "arn": "arn:aws:iam::842905459753:user/user3",
          "force_destroy": false,
          "id": "user3",
          "name": "user3",
          "path": "/",
          "permissions_boundary": "",
          "tags": {},
          "tags_all": {
            "CreatedBy": "Terraform",
            "Owner": "Nikita S",
            "Project": "Terraform Lesson 17"
          },
          "unique_id": "AIDA4IQIUTQUW756B4JZN"
        },
        {
          "arn": "arn:aws:iam::842905459753:user/user4",
          "force_destroy": false,
          "id": "user4",
          "name": "user4",
          "path": "/",
          "permissions_boundary": "",
          "tags": {},
          "tags_all": {
            "CreatedBy": "Terraform",
            "Owner": "Nikita S",
            "Project": "Terraform Lesson 17"
          },
          "unique_id": "AIDA4IQIUTQUSIXSJG76O"
        },
        {
          "arn": "arn:aws:iam::842905459753:user/user5",
          "force_destroy": false,
          "id": "user5",
          "name": "user5",
          "path": "/",
          "permissions_boundary": "",
          "tags": {},
          "tags_all": {
            "CreatedBy": "Terraform",
            "Owner": "Nikita S",
            "Project": "Terraform Lesson 17"
          },
          "unique_id": "AIDA4IQIUTQUTYBQY5PY3"
        },
        {
          "arn": "arn:aws:iam::842905459753:user/user6",
          "force_destroy": false,
          "id": "user6",
          "name": "user6",
          "path": "/",
          "permissions_boundary": "",
          "tags": {},
          "tags_all": {
            "CreatedBy": "Terraform",
            "Owner": "Nikita S",
            "Project": "Terraform Lesson 17"
          },
          "unique_id": "AIDA4IQIUTQUXW7DHFBZK"
        }
      ],
      "type": [
        "tuple",
        [
          [
            "object",
            {
              "arn": "string",
              "force_destroy": "bool",
              "id": "string",
              "name": "string",
              "path": "string",
              "permissions_boundary": "string",
              "tags": [
                "map",
                "string"
              ],
              "tags_all": [
                "map",
                "string"
              ],
              "unique_id": "string"
            }
          ],
          [
            "object",
            {
              "arn": "string",
              "force_destroy": "bool",
              "id": "string",
              "name": "string",
              "path": "string",
              "permissions_boundary": "string",
              "tags": [
                "map",
                "string"
              ],
              "tags_all": [
                "map",
                "string"
              ],
              "unique_id": "string"
            }
          ],
          [
            "object",
            {
              "arn": "string",
              "force_destroy": "bool",
              "id": "string",
              "name": "string",
              "path": "string",
              "permissions_boundary": "string",
              "tags": [
                "map",
                "string"
              ],
              "tags_all": [
                "map",
                "string"
              ],
              "unique_id": "string"
            }
          ],
          [
            "object",
            {
              "arn": "string",
              "force_destroy": "bool",
              "id": "string",
              "name": "string",
              "path": "string",
              "permissions_boundary": "string",
              "tags": [
                "map",
                "string"
              ],
              "tags_all": [
                "map",
                "string"
              ],
              "unique_id": "string"
            }
          ],
          [
            "object",
            {
              "arn": "string",
              "force_destroy": "bool",
              "id": "string",
              "name": "string",
              "path": "string",
              "permissions_boundary": "string",
              "tags": [
                "map",
                "string"
              ],
              "tags_all": [
                "map",
                "string"
              ],
              "unique_id": "string"
            }
          ],
          [
            "object",
            {
              "arn": "string",
              "force_destroy": "bool",
              "id": "string",
              "name": "string",
              "path": "string",
              "permissions_boundary": "string",
              "tags": [
                "map",
                "string"
              ],
              "tags_all": [
                "map",
                "string"
              ],
              "unique_id": "string"
            }
          ]
        ]
      ]
    },
    "created_iam_users_id_and_arn": {
      "value": [
        "Username: user1 has ARN: arn:aws:iam::842905459753:user/user1",
        "Username: user2 has ARN: arn:aws:iam::842905459753:user/user2",
        "Username: user3 has ARN: arn:aws:iam::842905459753:user/user3",
        "Username: user4 has ARN: arn:aws:iam::842905459753:user/user4",
        "Username: user5 has ARN: arn:aws:iam::842905459753:user/user5",
        "Username: user6 has ARN: arn:aws:iam::842905459753:user/user6"
      ],
      "type": [
        "tuple",
        [
          "string",
          "string",
          "string",
          "string",
          "string",
          "string"
        ]
      ]
    },
    "created_iam_users_ids": {
      "value": [
        "user1",
        "user2",
        "user3",
        "user4",
        "user5",
        "user6"
      ],
      "type": [
        "tuple",
        [
          "string",
          "string",
          "string",
          "string",
          "string",
          "string"
        ]
      ]
    },
    "created_iam_users_if_name": {
      "value": [
        "user1"
      ],
      "type": [
        "tuple",
        [
          "string"
        ]
      ]
    },
    "created_iam_users_map": {
      "value": {
        "AIDA4IQIUTQUQ2NMR4VO7": "user2",
        "AIDA4IQIUTQUSIXSJG76O": "user4",
        "AIDA4IQIUTQUTYBQY5PY3": "user5",
        "AIDA4IQIUTQUW756B4JZN": "user3",
        "AIDA4IQIUTQUXW7DHFBZK": "user6",
        "AIDA4IQIUTQUYIJDW4BQF": "user1"
      },
      "type": [
        "object",
        {
          "AIDA4IQIUTQUQ2NMR4VO7": "string",
          "AIDA4IQIUTQUSIXSJG76O": "string",
          "AIDA4IQIUTQUTYBQY5PY3": "string",
          "AIDA4IQIUTQUW756B4JZN": "string",
          "AIDA4IQIUTQUXW7DHFBZK": "string",
          "AIDA4IQIUTQUYIJDW4BQF": "string"
        }
      ]
    },
    "server_all": {
      "value": {
        "i-02d6e34093ff4a311": "16.170.248.153",
        "i-0ad4265a5dafdaddd": "51.20.32.48",
        "i-0d7cd192c3ec7bb03": "13.48.147.125"
      },
      "type": [
        "object",
        {
          "i-02d6e34093ff4a311": "string",
          "i-0ad4265a5dafdaddd": "string",
          "i-0d7cd192c3ec7bb03": "string"
        }
      ]
    }
  },
  "resources": [
    {
      "mode": "data",
      "type": "aws_ami",
      "name": "latest_aws_linux",
      "provider": "provider[\"registry.terraform.io/hashicorp/aws\"]",
      "instances": [
        {
          "schema_version": 0,
          "attributes": {
            "architecture": "x86_64",
            "arn": "arn:aws:ec2:eu-north-1::image/ami-0e44d5e8696ffd5e5",
            "block_device_mappings": [
              {
                "device_name": "/dev/xvda",
                "ebs": {
                  "delete_on_termination": "true",
                  "encrypted": "false",
                  "iops": "0",
                  "snapshot_id": "snap-0db4ee0384c1c4de0",
                  "throughput": "0",
                  "volume_size": "2",
                  "volume_type": "gp2"
                },
                "no_device": "",
                "virtual_name": ""
              }
            ],
            "boot_mode": "",
            "creation_date": "2024-07-10T02:35:50.000Z",
            "deprecation_time": "2025-07-01T00:00:00.000Z",
            "description": "Amazon Linux 2 SELinux Enforcing AMI 2.0.20240709.1 x86_64 Minimal HVM gp2",
            "ena_support": true,
            "executable_users": null,
            "filter": [
              {
                "name": "name",
                "values": [
                  "amzn2-ami-*-x86_64-gp2"
                ]
              }
            ],
            "hypervisor": "xen",
            "id": "ami-0e44d5e8696ffd5e5",
            "image_id": "ami-0e44d5e8696ffd5e5",
            "image_location": "amazon/amzn2-ami-minimal-selinux-enforcing-hvm-2.0.20240709.1-x86_64-gp2",
            "image_owner_alias": "amazon",
            "image_type": "machine",
            "imds_support": "",
            "include_deprecated": false,
            "kernel_id": "",
            "most_recent": true,
            "name": "amzn2-ami-minimal-selinux-enforcing-hvm-2.0.20240709.1-x86_64-gp2",
            "name_regex": null,
            "owner_id": "137112412989",
            "owners": [
              "137112412989"
            ],
            "platform": "",
            "platform_details": "Linux/UNIX",
            "product_codes": [],
            "public": true,
            "ramdisk_id": "",
            "root_device_name": "/dev/xvda",
            "root_device_type": "ebs",
            "root_snapshot_id": "snap-0db4ee0384c1c4de0",
            "sriov_net_support": "simple",
            "state": "available",
            "state_reason": {
              "code": "UNSET",
              "message": "UNSET"
            },
            "tags": {},
            "timeouts": null,
            "tpm_support": "",
            "usage_operation": "RunInstances",
            "virtualization_type": "hvm"
          },
          "sensitive_attributes": []
        }
      ]
    },
    {
      "mode": "managed",
      "type": "aws_default_vpc",
      "name": "default",
      "provider": "provider[\"registry.terraform.io/hashicorp/aws\"]",
      "instances": [
        {
          "schema_version": 1,
          "attributes": {
            "arn": "arn:aws:ec2:eu-north-1:842905459753:vpc/vpc-0cc30a0df52e676a0",
            "assign_generated_ipv6_cidr_block": false,
            "cidr_block": "172.31.0.0/16",
            "default_network_acl_id": "acl-06f71c4228f3f8aab",
            "default_route_table_id": "rtb-0e65cab8cefb016f1",
            "default_security_group_id": "sg-0eb3085baded66486",
            "dhcp_options_id": "dopt-0784c1b33a404331b",
            "enable_dns_hostnames": true,
            "enable_dns_support": true,
            "enable_network_address_usage_metrics": false,
            "existing_default_vpc": true,
            "force_destroy": false,
            "id": "vpc-0cc30a0df52e676a0",
            "instance_tenancy": "default",
            "ipv6_association_id": "",
            "ipv6_cidr_block": "",
            "ipv6_cidr_block_network_border_group": "",
            "ipv6_ipam_pool_id": "",
            "ipv6_netmask_length": 0,
            "main_route_table_id": "rtb-0e65cab8cefb016f1",
            "owner_id": "842905459753",
            "tags": null,
            "tags_all": {
              "CreatedBy": "Terraform",
              "Owner": "Nikita S",
              "Project": "Terraform Lesson 17"
            }
          },
          "sensitive_attributes": [],
          "private": "eyJzY2hlbWFfdmVyc2lvbiI6IjEifQ=="
        }
      ]
    },
    {
      "mode": "managed",
      "type": "aws_iam_user",
      "name": "users",
      "provider": "provider[\"registry.terraform.io/hashicorp/aws\"]",
      "instances": [
        {
          "index_key": 0,
          "schema_version": 0,
          "attributes": {
            "arn": "arn:aws:iam::842905459753:user/user1",
            "force_destroy": false,
            "id": "user1",
            "name": "user1",
            "path": "/",
            "permissions_boundary": "",
            "tags": {},
            "tags_all": {
              "CreatedBy": "Terraform",
              "Owner": "Nikita S",
              "Project": "Terraform Lesson 17"
            },
            "unique_id": "AIDA4IQIUTQUYIJDW4BQF"
          },
          "sensitive_attributes": [],
          "private": "bnVsbA=="
        },
        {
          "index_key": 1,
          "schema_version": 0,
          "attributes": {
            "arn": "arn:aws:iam::842905459753:user/user2",
            "force_destroy": false,
            "id": "user2",
            "name": "user2",
            "path": "/",
            "permissions_boundary": "",
            "tags": {},
            "tags_all": {
              "CreatedBy": "Terraform",
              "Owner": "Nikita S",
              "Project": "Terraform Lesson 17"
            },
            "unique_id": "AIDA4IQIUTQUQ2NMR4VO7"
          },
          "sensitive_attributes": [],
          "private": "bnVsbA=="
        },
        {
          "index_key": 2,
          "schema_version": 0,
          "attributes": {
            "arn": "arn:aws:iam::842905459753:user/user3",
            "force_destroy": false,
            "id": "user3",
            "name": "user3",
            "path": "/",
            "permissions_boundary": "",
            "tags": {},
            "tags_all": {
              "CreatedBy": "Terraform",
              "Owner": "Nikita S",
              "Project": "Terraform Lesson 17"
            },
            "unique_id": "AIDA4IQIUTQUW756B4JZN"
          },
          "sensitive_attributes": [],
          "private": "bnVsbA=="
        },
        {
          "index_key": 3,
          "schema_version": 0,
          "attributes": {
            "arn": "arn:aws:iam::842905459753:user/user4",
            "force_destroy": false,
            "id": "user4",
            "name": "user4",
            "path": "/",
            "permissions_boundary": "",
            "tags": {},
            "tags_all": {
              "CreatedBy": "Terraform",
              "Owner": "Nikita S",
              "Project": "Terraform Lesson 17"
            },
            "unique_id": "AIDA4IQIUTQUSIXSJG76O"
          },
          "sensitive_attributes": [],
          "private": "bnVsbA=="
        },
        {
          "index_key": 4,
          "schema_version": 0,
          "attributes": {
            "arn": "arn:aws:iam::842905459753:user/user5",
            "force_destroy": false,
            "id": "user5",
            "name": "user5",
            "path": "/",
            "permissions_boundary": "",
            "tags": {},
            "tags_all": {
              "CreatedBy": "Terraform",
              "Owner": "Nikita S",
              "Project": "Terraform Lesson 17"
            },
            "unique_id": "AIDA4IQIUTQUTYBQY5PY3"
          },
          "sensitive_attributes": [],
          "private": "bnVsbA=="
        },
        {
          "index_key": 5,
          "schema_version": 0,
          "attributes": {
            "arn": "arn:aws:iam::842905459753:user/user6",
            "force_destroy": false,
            "id": "user6",
            "name": "user6",
            "path": "/",
            "permissions_boundary": "",
            "tags": {},
            "tags_all": {
              "CreatedBy": "Terraform",
              "Owner": "Nikita S",
              "Project": "Terraform Lesson 17"
            },
            "unique_id": "AIDA4IQIUTQUXW7DHFBZK"
          },
          "sensitive_attributes": [],
          "private": "bnVsbA=="
        }
      ]
    },
    {
      "mode": "managed",
      "type": "aws_instance",
      "name": "servers",
      "provider": "provider[\"registry.terraform.io/hashicorp/aws\"]",
      "instances": [
        {
          "index_key": 0,
          "schema_version": 1,
          "attributes": {
            "ami": "ami-0e44d5e8696ffd5e5",
            "arn": "arn:aws:ec2:eu-north-1:842905459753:instance/i-0ad4265a5dafdaddd",
            "associate_public_ip_address": true,
            "availability_zone": "eu-north-1b",
            "capacity_reservation_specification": [
              {
                "capacity_reservation_preference": "open",
                "capacity_reservation_target": []
              }
            ],
            "cpu_core_count": 1,
            "cpu_options": [
              {
                "amd_sev_snp": "",
                "core_count": 1,
                "threads_per_core": 2
              }
            ],
            "cpu_threads_per_core": 2,
            "credit_specification": [
              {
                "cpu_credits": "unlimited"
              }
            ],
            "disable_api_stop": false,
            "disable_api_termination": false,
            "ebs_block_device": [],
            "ebs_optimized": false,
            "enclave_options": [
              {
                "enabled": false
              }
            ],
            "ephemeral_block_device": [],
            "get_password_data": false,
            "hibernation": false,
            "host_id": "",
            "host_resource_group_arn": null,
            "iam_instance_profile": "",
            "id": "i-0ad4265a5dafdaddd",
            "instance_initiated_shutdown_behavior": "stop",
            "instance_lifecycle": "",
            "instance_market_options": [],
            "instance_state": "running",
            "instance_type": "t3.micro",
            "ipv6_address_count": 0,
            "ipv6_addresses": [],
            "key_name": "",
            "launch_template": [],
            "maintenance_options": [
              {
                "auto_recovery": "default"
              }
            ],
            "metadata_options": [
              {
                "http_endpoint": "enabled",
                "http_protocol_ipv6": "disabled",
                "http_put_response_hop_limit": 1,
                "http_tokens": "optional",
                "instance_metadata_tags": "disabled"
              }
            ],
            "monitoring": false,
            "network_interface": [],
            "outpost_arn": "",
            "password_data": "",
            "placement_group": "",
            "placement_partition_number": 0,
            "primary_network_interface_id": "eni-0711e2938a1bdb72a",
            "private_dns": "ip-172-31-32-79.eu-north-1.compute.internal",
            "private_dns_name_options": [
              {
                "enable_resource_name_dns_a_record": false,
                "enable_resource_name_dns_aaaa_record": false,
                "hostname_type": "ip-name"
              }
            ],
            "private_ip": "172.31.32.79",
            "public_dns": "ec2-51-20-32-48.eu-north-1.compute.amazonaws.com",
            "public_ip": "51.20.32.48",
            "root_block_device": [
              {
                "delete_on_termination": true,
                "device_name": "/dev/xvda",
                "encrypted": false,
                "iops": 100,
                "kms_key_id": "",
                "tags": {},
                "tags_all": {
                  "CreatedBy": "Terraform",
                  "Owner": "Nikita S",
                  "Project": "Terraform Lesson 17"
                },
                "throughput": 0,
                "volume_id": "vol-02f495a0402058982",
                "volume_size": 2,
                "volume_type": "gp2"
              }
            ],
            "secondary_private_ips": [],
            "security_groups": [
              "default"
            ],
            "source_dest_check": true,
            "spot_instance_request_id": "",
            "subnet_id": "subnet-0d804a6b692c0b316",
            "tags": {
              "Name": "Server Number 1"
            },
            "tags_all": {
              "CreatedBy": "Terraform",
              "Name": "Server Number 1",
              "Owner": "Nikita S",
              "Project": "Terraform Lesson 17"
            },
            "tenancy": "default",
            "timeouts": null,
            "user_data": null,
            "user_data_base64": null,
            "user_data_replace_on_change": false,
            "volume_tags": null,
            "vpc_security_group_ids": [
              "sg-0eb3085baded66486"
            ]
          },
          "sensitive_attributes": [],
          "private": "eyJlMmJmYjczMC1lY2FhLTExZTYtOGY4OC0zNDM2M2JjN2M0YzAiOnsiY3JlYXRlIjo2MDAwMDAwMDAwMDAsImRlbGV0ZSI6MTIwMDAwMDAwMDAwMCwicmVhZCI6OTAwMDAwMDAwMDAwLCJ1cGRhdGUiOjYwMDAwMDAwMDAwMH0sInNjaGVtYV92ZXJzaW9uIjoiMSJ9",
          "dependencies": [
            "data.aws_ami.latest_aws_linux"
          ]
        },
        {
          "index_key": 1,
          "schema_version": 1,
          "attributes": {
            "ami": "ami-0e44d5e8696ffd5e5",
            "arn": "arn:aws:ec2:eu-north-1:842905459753:instance/i-02d6e34093ff4a311",
            "associate_public_ip_address": true,
            "availability_zone": "eu-north-1b",
            "capacity_reservation_specification": [
              {
                "capacity_reservation_preference": "open",
                "capacity_reservation_target": []
              }
            ],
            "cpu_core_count": 1,
            "cpu_options": [
              {
                "amd_sev_snp": "",
                "core_count": 1,
                "threads_per_core": 2
              }
            ],
            "cpu_threads_per_core": 2,
            "credit_specification": [
              {
                "cpu_credits": "unlimited"
              }
            ],
            "disable_api_stop": false,
            "disable_api_termination": false,
            "ebs_block_device": [],
            "ebs_optimized": false,
            "enclave_options": [
              {
                "enabled": false
              }
            ],
            "ephemeral_block_device": [],
            "get_password_data": false,
            "hibernation": false,
            "host_id": "",
            "host_resource_group_arn": null,
            "iam_instance_profile": "",
            "id": "i-02d6e34093ff4a311",
            "instance_initiated_shutdown_behavior": "stop",
            "instance_lifecycle": "",
            "instance_market_options": [],
            "instance_state": "running",
            "instance_type": "t3.micro",
            "ipv6_address_count": 0,
            "ipv6_addresses": [],
            "key_name": "",
            "launch_template": [],
            "maintenance_options": [
              {
                "auto_recovery": "default"
              }
            ],
            "metadata_options": [
              {
                "http_endpoint": "enabled",
                "http_protocol_ipv6": "disabled",
                "http_put_response_hop_limit": 1,
                "http_tokens": "optional",
                "instance_metadata_tags": "disabled"
              }
            ],
            "monitoring": false,
            "network_interface": [],
            "outpost_arn": "",
            "password_data": "",
            "placement_group": "",
            "placement_partition_number": 0,
            "primary_network_interface_id": "eni-0d037efbe7e9362de",
            "private_dns": "ip-172-31-33-179.eu-north-1.compute.internal",
            "private_dns_name_options": [
              {
                "enable_resource_name_dns_a_record": false,
                "enable_resource_name_dns_aaaa_record": false,
                "hostname_type": "ip-name"
              }
            ],
            "private_ip": "172.31.33.179",
            "public_dns": "ec2-16-170-248-153.eu-north-1.compute.amazonaws.com",
            "public_ip": "16.170.248.153",
            "root_block_device": [
              {
                "delete_on_termination": true,
                "device_name": "/dev/xvda",
                "encrypted": false,
                "iops": 100,
                "kms_key_id": "",
                "tags": {},
                "tags_all": {
                  "CreatedBy": "Terraform",
                  "Owner": "Nikita S",
                  "Project": "Terraform Lesson 17"
                },
                "throughput": 0,
                "volume_id": "vol-0b55afbd6ef36a8ae",
                "volume_size": 2,
                "volume_type": "gp2"
              }
            ],
            "secondary_private_ips": [],
            "security_groups": [
              "default"
            ],
            "source_dest_check": true,
            "spot_instance_request_id": "",
            "subnet_id": "subnet-0d804a6b692c0b316",
            "tags": {
              "Name": "Server Number 2"
            },
            "tags_all": {
              "CreatedBy": "Terraform",
              "Name": "Server Number 2",
              "Owner": "Nikita S",
              "Project": "Terraform Lesson 17"
            },
            "tenancy": "default",
            "timeouts": null,
            "user_data": null,
            "user_data_base64": null,
            "user_data_replace_on_change": false,
            "volume_tags": null,
            "vpc_security_group_ids": [
              "sg-0eb3085baded66486"
            ]
          },
          "sensitive_attributes": [],
          "private": "eyJlMmJmYjczMC1lY2FhLTExZTYtOGY4OC0zNDM2M2JjN2M0YzAiOnsiY3JlYXRlIjo2MDAwMDAwMDAwMDAsImRlbGV0ZSI6MTIwMDAwMDAwMDAwMCwicmVhZCI6OTAwMDAwMDAwMDAwLCJ1cGRhdGUiOjYwMDAwMDAwMDAwMH0sInNjaGVtYV92ZXJzaW9uIjoiMSJ9",
          "dependencies": [
            "data.aws_ami.latest_aws_linux"
          ]
        },
        {
          "index_key": 2,
          "schema_version": 1,
          "attributes": {
            "ami": "ami-0e44d5e8696ffd5e5",
            "arn": "arn:aws:ec2:eu-north-1:842905459753:instance/i-0d7cd192c3ec7bb03",
            "associate_public_ip_address": true,
            "availability_zone": "eu-north-1b",
            "capacity_reservation_specification": [
              {
                "capacity_reservation_preference": "open",
                "capacity_reservation_target": []
              }
            ],
            "cpu_core_count": 1,
            "cpu_options": [
              {
                "amd_sev_snp": "",
                "core_count": 1,
                "threads_per_core": 2
              }
            ],
            "cpu_threads_per_core": 2,
            "credit_specification": [
              {
                "cpu_credits": "unlimited"
              }
            ],
            "disable_api_stop": false,
            "disable_api_termination": false,
            "ebs_block_device": [],
            "ebs_optimized": false,
            "enclave_options": [
              {
                "enabled": false
              }
            ],
            "ephemeral_block_device": [],
            "get_password_data": false,
            "hibernation": false,
            "host_id": "",
            "host_resource_group_arn": null,
            "iam_instance_profile": "",
            "id": "i-0d7cd192c3ec7bb03",
            "instance_initiated_shutdown_behavior": "stop",
            "instance_lifecycle": "",
            "instance_market_options": [],
            "instance_state": "running",
            "instance_type": "t3.micro",
            "ipv6_address_count": 0,
            "ipv6_addresses": [],
            "key_name": "",
            "launch_template": [],
            "maintenance_options": [
              {
                "auto_recovery": "default"
              }
            ],
            "metadata_options": [
              {
                "http_endpoint": "enabled",
                "http_protocol_ipv6": "disabled",
                "http_put_response_hop_limit": 1,
                "http_tokens": "optional",
                "instance_metadata_tags": "disabled"
              }
            ],
            "monitoring": false,
            "network_interface": [],
            "outpost_arn": "",
            "password_data": "",
            "placement_group": "",
            "placement_partition_number": 0,
            "primary_network_interface_id": "eni-0b4066669a0b5638b",
            "private_dns": "ip-172-31-43-39.eu-north-1.compute.internal",
            "private_dns_name_options": [
              {
                "enable_resource_name_dns_a_record": false,
                "enable_resource_name_dns_aaaa_record": false,
                "hostname_type": "ip-name"
              }
            ],
            "private_ip": "172.31.43.39",
            "public_dns": "ec2-13-48-147-125.eu-north-1.compute.amazonaws.com",
            "public_ip": "13.48.147.125",
            "root_block_device": [
              {
                "delete_on_termination": true,
                "device_name": "/dev/xvda",
                "encrypted": false,
                "iops": 100,
                "kms_key_id": "",
                "tags": {},
                "tags_all": {
                  "CreatedBy": "Terraform",
                  "Owner": "Nikita S",
                  "Project": "Terraform Lesson 17"
                },
                "throughput": 0,
                "volume_id": "vol-0959b444458178edf",
                "volume_size": 2,
                "volume_type": "gp2"
              }
            ],
            "secondary_private_ips": [],
            "security_groups": [
              "default"
            ],
            "source_dest_check": true,
            "spot_instance_request_id": "",
            "subnet_id": "subnet-0d804a6b692c0b316",
            "tags": {
              "Name": "Server Number 3"
            },
            "tags_all": {
              "CreatedBy": "Terraform",
              "Name": "Server Number 3",
              "Owner": "Nikita S",
              "Project": "Terraform Lesson 17"
            },
            "tenancy": "default",
            "timeouts": null,
            "user_data": null,
            "user_data_base64": null,
            "user_data_replace_on_change": false,
            "volume_tags": null,
            "vpc_security_group_ids": [
              "sg-0eb3085baded66486"
            ]
          },
          "sensitive_attributes": [],
          "private": "eyJlMmJmYjczMC1lY2FhLTExZTYtOGY4OC0zNDM2M2JjN2M0YzAiOnsiY3JlYXRlIjo2MDAwMDAwMDAwMDAsImRlbGV0ZSI6MTIwMDAwMDAwMDAwMCwicmVhZCI6OTAwMDAwMDAwMDAwLCJ1cGRhdGUiOjYwMDAwMDAwMDAwMH0sInNjaGVtYV92ZXJzaW9uIjoiMSJ9",
          "dependencies": [
            "data.aws_ami.latest_aws_linux"
          ]
        }
      ]
    },
    {
      "mode": "managed",
      "type": "aws_security_group",
      "name": "webserver",
      "provider": "provider[\"registry.terraform.io/hashicorp/aws\"]",
      "instances": [
        {
          "schema_version": 1,
          "attributes": {
            "arn": "arn:aws:ec2:eu-north-1:842905459753:security-group/sg-052c2b7badbd2bc57",
            "description": "Dinamic Security Group",
            "egress": [
              {
                "cidr_blocks": [
                  "0.0.0.0/0"
                ],
                "description": "",
                "from_port": 0,
                "ipv6_cidr_blocks": [],
                "prefix_list_ids": [],
                "protocol": "-1",
                "security_groups": [],
                "self": false,
                "to_port": 0
              }
            ],
            "id": "sg-052c2b7badbd2bc57",
            "ingress": [
              {
                "cidr_blocks": [
                  "0.0.0.0/0"
                ],
                "description": "",
                "from_port": 3000,
                "ipv6_cidr_blocks": [],
                "prefix_list_ids": [],
                "protocol": "tcp",
                "security_groups": [],
                "self": false,
                "to_port": 3000
              },
              {
                "cidr_blocks": [
                  "0.0.0.0/0"
                ],
                "description": "",
                "from_port": 443,
                "ipv6_cidr_blocks": [],
                "prefix_list_ids": [],
                "protocol": "tcp",
                "security_groups": [],
                "self": false,
                "to_port": 443
              },
              {
                "cidr_blocks": [
                  "0.0.0.0/0"
                ],
                "description": "",
                "from_port": 8080,
                "ipv6_cidr_blocks": [],
                "prefix_list_ids": [],
                "protocol": "tcp",
                "security_groups": [],
                "self": false,
                "to_port": 8080
              },
              {
                "cidr_blocks": [
                  "0.0.0.0/0"
                ],
                "description": "",
                "from_port": 80,
                "ipv6_cidr_blocks": [],
                "prefix_list_ids": [],
                "protocol": "tcp",
                "security_groups": [],
                "self": false,
                "to_port": 80
              }
            ],
            "name": "Security Group",
            "name_prefix": "",
            "owner_id": "842905459753",
            "revoke_rules_on_delete": false,
            "tags": {
              "Name": "SG for WebServer",
              "Owner": "Nikita",
              "Project": "Terraform Lesson 5"
            },
            "tags_all": {
              "CreatedBy": "Terraform",
              "Name": "SG for WebServer",
              "Owner": "Nikita",
              "Project": "Terraform Lesson 5"
            },
            "timeouts": null,
            "vpc_id": "vpc-0cc30a0df52e676a0"
          },
          "sensitive_attributes": [],
          "private": "eyJlMmJmYjczMC1lY2FhLTExZTYtOGY4OC0zNDM2M2JjN2M0YzAiOnsiY3JlYXRlIjo2MDAwMDAwMDAwMDAsImRlbGV0ZSI6OTAwMDAwMDAwMDAwfSwic2NoZW1hX3ZlcnNpb24iOiIxIn0=",
          "dependencies": [
            "aws_default_vpc.default"
          ]
        }
      ]
    }
  ],
  "check_results": null
}
